// !$*UTF8*$!
{
	archiveVersion = 1;
	classes = {
	};
	objectVersion = 77;
	objects = {

/* Begin PBXBuildFile section */
		6923C1C42D8B077F0032E46D /* WaterfallGrid in Frameworks */ = {isa = PBXBuildFile; productRef = 6923C1C32D8B077F0032E46D /* WaterfallGrid */; };
/* End PBXBuildFile section */

/* Begin PBXContainerItemProxy section */
		3AE7D7B92D1B80F20027C5E2 /* PBXContainerItemProxy */ = {
			isa = PBXContainerItemProxy;
			containerPortal = 3AE7D7A02D1B80F00027C5E2 /* Project object */;
			proxyType = 1;
			remoteGlobalIDString = 3AE7D7A72D1B80F00027C5E2;
			remoteInfo = TUMBA;
		};
		3AE7D7C32D1B80F30027C5E2 /* PBXContainerItemProxy */ = {
			isa = PBXContainerItemProxy;
			containerPortal = 3AE7D7A02D1B80F00027C5E2 /* Project object */;
			proxyType = 1;
			remoteGlobalIDString = 3AE7D7A72D1B80F00027C5E2;
			remoteInfo = TUMBA;
		};
/* End PBXContainerItemProxy section */

/* Begin PBXFileReference section */
		3AE7D7A82D1B80F00027C5E2 /* TUMBA.app */ = {isa = PBXFileReference; explicitFileType = wrapper.application; includeInIndex = 0; path = TUMBA.app; sourceTree = BUILT_PRODUCTS_DIR; };
		3AE7D7B82D1B80F20027C5E2 /* TUMBATests.xctest */ = {isa = PBXFileReference; explicitFileType = wrapper.cfbundle; includeInIndex = 0; path = TUMBATests.xctest; sourceTree = BUILT_PRODUCTS_DIR; };
		3AE7D7C22D1B80F30027C5E2 /* TUMBAUITests.xctest */ = {isa = PBXFileReference; explicitFileType = wrapper.cfbundle; includeInIndex = 0; path = TUMBAUITests.xctest; sourceTree = BUILT_PRODUCTS_DIR; };
/* End PBXFileReference section */

/* Begin PBXFileSystemSynchronizedBuildFileExceptionSet section */
		69FCBC812D6D61A800954386 /* Exceptions for "TUMBA" folder in "TUMBA" target */ = {
			isa = PBXFileSystemSynchronizedBuildFileExceptionSet;
			membershipExceptions = (
				Info.plist,
			);
			target = 3AE7D7A72D1B80F00027C5E2 /* TUMBA */;
		};
/* End PBXFileSystemSynchronizedBuildFileExceptionSet section */

/* Begin PBXFileSystemSynchronizedRootGroup section */
		3AE7D7AA2D1B80F00027C5E2 /* TUMBA */ = {
			isa = PBXFileSystemSynchronizedRootGroup;
			exceptions = (
				69FCBC812D6D61A800954386 /* Exceptions for "TUMBA" folder in "TUMBA" target */,
			);
			path = TUMBA;
			sourceTree = "<group>";
		};
		3AE7D7BB2D1B80F20027C5E2 /* TUMBATests */ = {
			isa = PBXFileSystemSynchronizedRootGroup;
			path = TUMBATests;
			sourceTree = "<group>";
		};
		3AE7D7C52D1B80F30027C5E2 /* TUMBAUITests */ = {
			isa = PBXFileSystemSynchronizedRootGroup;
			path = TUMBAUITests;
			sourceTree = "<group>";
		};
/* End PBXFileSystemSynchronizedRootGroup section */

/* Begin PBXFrameworksBuildPhase section */
		3AE7D7A52D1B80F00027C5E2 /* Frameworks */ = {
			isa = PBXFrameworksBuildPhase;
			buildActionMask = 2147483647;
			files = (
				6923C1C42D8B077F0032E46D /* WaterfallGrid in Frameworks */,
			);
			runOnlyForDeploymentPostprocessing = 0;
		};
		3AE7D7B52D1B80F20027C5E2 /* Frameworks */ = {
			isa = PBXFrameworksBuildPhase;
			buildActionMask = 2147483647;
			files = (
			);
			runOnlyForDeploymentPostprocessing = 0;
		};
		3AE7D7BF2D1B80F30027C5E2 /* Frameworks */ = {
			isa = PBXFrameworksBuildPhase;
			buildActionMask = 2147483647;
			files = (
			);
			runOnlyForDeploymentPostprocessing = 0;
		};
/* End PBXFrameworksBuildPhase section */

/* Begin PBXGroup section */
		3AE7D79F2D1B80F00027C5E2 = {
			isa = PBXGroup;
			children = (
				3AE7D7AA2D1B80F00027C5E2 /* TUMBA */,
				3AE7D7BB2D1B80F20027C5E2 /* TUMBATests */,
				3AE7D7C52D1B80F30027C5E2 /* TUMBAUITests */,
				3AE7D7A92D1B80F00027C5E2 /* Products */,
			);
			sourceTree = "<group>";
		};
		3AE7D7A92D1B80F00027C5E2 /* Products */ = {
			isa = PBXGroup;
			children = (
				3AE7D7A82D1B80F00027C5E2 /* TUMBA.app */,
				3AE7D7B82D1B80F20027C5E2 /* TUMBATests.xctest */,
				3AE7D7C22D1B80F30027C5E2 /* TUMBAUITests.xctest */,
			);
			name = Products;
			sourceTree = "<group>";
		};
/* End PBXGroup section */

/* Begin PBXNativeTarget section */
		3AE7D7A72D1B80F00027C5E2 /* TUMBA */ = {
			isa = PBXNativeTarget;
			buildConfigurationList = 3AE7D7CC2D1B80F30027C5E2 /* Build configuration list for PBXNativeTarget "TUMBA" */;
			buildPhases = (
				3AE7D7A42D1B80F00027C5E2 /* Sources */,
				3AE7D7A52D1B80F00027C5E2 /* Frameworks */,
				3AE7D7A62D1B80F00027C5E2 /* Resources */,
			);
			buildRules = (
			);
			dependencies = (
			);
			fileSystemSynchronizedGroups = (
				3AE7D7AA2D1B80F00027C5E2 /* TUMBA */,
			);
			name = TUMBA;
			packageProductDependencies = (
				6923C1C32D8B077F0032E46D /* WaterfallGrid */,
			);
			productName = TUMBA;
			productReference = 3AE7D7A82D1B80F00027C5E2 /* TUMBA.app */;
			productType = "com.apple.product-type.application";
		};
		3AE7D7B72D1B80F20027C5E2 /* TUMBATests */ = {
			isa = PBXNativeTarget;
			buildConfigurationList = 3AE7D7CF2D1B80F30027C5E2 /* Build configuration list for PBXNativeTarget "TUMBATests" */;
			buildPhases = (
				3AE7D7B42D1B80F20027C5E2 /* Sources */,
				3AE7D7B52D1B80F20027C5E2 /* Frameworks */,
				3AE7D7B62D1B80F20027C5E2 /* Resources */,
			);
			buildRules = (
			);
			dependencies = (
				3AE7D7BA2D1B80F20027C5E2 /* PBXTargetDependency */,
			);
			fileSystemSynchronizedGroups = (
				3AE7D7BB2D1B80F20027C5E2 /* TUMBATests */,
			);
			name = TUMBATests;
			packageProductDependencies = (
			);
			productName = TUMBATests;
			productReference = 3AE7D7B82D1B80F20027C5E2 /* TUMBATests.xctest */;
			productType = "com.apple.product-type.bundle.unit-test";
		};
		3AE7D7C12D1B80F30027C5E2 /* TUMBAUITests */ = {
			isa = PBXNativeTarget;
			buildConfigurationList = 3AE7D7D22D1B80F30027C5E2 /* Build configuration list for PBXNativeTarget "TUMBAUITests" */;
			buildPhases = (
				3AE7D7BE2D1B80F30027C5E2 /* Sources */,
				3AE7D7BF2D1B80F30027C5E2 /* Frameworks */,
				3AE7D7C02D1B80F30027C5E2 /* Resources */,
			);
			buildRules = (
			);
			dependencies = (
				3AE7D7C42D1B80F30027C5E2 /* PBXTargetDependency */,
			);
			fileSystemSynchronizedGroups = (
				3AE7D7C52D1B80F30027C5E2 /* TUMBAUITests */,
			);
			name = TUMBAUITests;
			packageProductDependencies = (
			);
			productName = TUMBAUITests;
			productReference = 3AE7D7C22D1B80F30027C5E2 /* TUMBAUITests.xctest */;
			productType = "com.apple.product-type.bundle.ui-testing";
		};
/* End PBXNativeTarget section */

/* Begin PBXProject section */
		3AE7D7A02D1B80F00027C5E2 /* Project object */ = {
			isa = PBXProject;
			attributes = {
				BuildIndependentTargetsInParallel = 1;
				LastSwiftUpdateCheck = 1620;
				LastUpgradeCheck = 1620;
				TargetAttributes = {
					3AE7D7A72D1B80F00027C5E2 = {
						CreatedOnToolsVersion = 16.2;
					};
					3AE7D7B72D1B80F20027C5E2 = {
						CreatedOnToolsVersion = 16.2;
						TestTargetID = 3AE7D7A72D1B80F00027C5E2;
					};
					3AE7D7C12D1B80F30027C5E2 = {
						CreatedOnToolsVersion = 16.2;
						TestTargetID = 3AE7D7A72D1B80F00027C5E2;
					};
				};
			};
			buildConfigurationList = 3AE7D7A32D1B80F00027C5E2 /* Build configuration list for PBXProject "TUMBA_NewNew" */;
			developmentRegion = en;
			hasScannedForEncodings = 0;
			knownRegions = (
				en,
				Base,
			);
			mainGroup = 3AE7D79F2D1B80F00027C5E2;
			minimizedProjectReferenceProxies = 1;
			packageReferences = (
				6923C1C22D8B077F0032E46D /* XCRemoteSwiftPackageReference "WaterfallGrid" */,
			);
			preferredProjectObjectVersion = 77;
			productRefGroup = 3AE7D7A92D1B80F00027C5E2 /* Products */;
			projectDirPath = "";
			projectRoot = "";
			targets = (
				3AE7D7A72D1B80F00027C5E2 /* TUMBA */,
				3AE7D7B72D1B80F20027C5E2 /* TUMBATests */,
				3AE7D7C12D1B80F30027C5E2 /* TUMBAUITests */,
			);
		};
/* End PBXProject section */

/* Begin PBXResourcesBuildPhase section */
		3AE7D7A62D1B80F00027C5E2 /* Resources */ = {
			isa = PBXResourcesBuildPhase;
			buildActionMask = 2147483647;
			files = (
			);
			runOnlyForDeploymentPostprocessing = 0;
		};
		3AE7D7B62D1B80F20027C5E2 /* Resources */ = {
			isa = PBXResourcesBuildPhase;
			buildActionMask = 2147483647;
			files = (
			);
			runOnlyForDeploymentPostprocessing = 0;
		};
		3AE7D7C02D1B80F30027C5E2 /* Resources */ = {
			isa = PBXResourcesBuildPhase;
			buildActionMask = 2147483647;
			files = (
			);
			runOnlyForDeploymentPostprocessing = 0;
		};
/* End PBXResourcesBuildPhase section */

/* Begin PBXSourcesBuildPhase section */
		3AE7D7A42D1B80F00027C5E2 /* Sources */ = {
			isa = PBXSourcesBuildPhase;
			buildActionMask = 2147483647;
			files = (
			);
			runOnlyForDeploymentPostprocessing = 0;
		};
		3AE7D7B42D1B80F20027C5E2 /* Sources */ = {
			isa = PBXSourcesBuildPhase;
			buildActionMask = 2147483647;
			files = (
			);
			runOnlyForDeploymentPostprocessing = 0;
		};
		3AE7D7BE2D1B80F30027C5E2 /* Sources */ = {
			isa = PBXSourcesBuildPhase;
			buildActionMask = 2147483647;
			files = (
			);
			runOnlyForDeploymentPostprocessing = 0;
		};
/* End PBXSourcesBuildPhase section */

/* Begin PBXTargetDependency section */
		3AE7D7BA2D1B80F20027C5E2 /* PBXTargetDependency */ = {
			isa = PBXTargetDependency;
			target = 3AE7D7A72D1B80F00027C5E2 /* TUMBA */;
			targetProxy = 3AE7D7B92D1B80F20027C5E2 /* PBXContainerItemProxy */;
		};
		3AE7D7C42D1B80F30027C5E2 /* PBXTargetDependency */ = {
			isa = PBXTargetDependency;
			target = 3AE7D7A72D1B80F00027C5E2 /* TUMBA */;
			targetProxy = 3AE7D7C32D1B80F30027C5E2 /* PBXContainerItemProxy */;
		};
/* End PBXTargetDependency section */

/* Begin XCBuildConfiguration section */
		3AE7D7CA2D1B80F30027C5E2 /* Debug */ = {
			isa = XCBuildConfiguration;
			buildSettings = {
				ALWAYS_SEARCH_USER_PATHS = NO;
				ASSETCATALOG_COMPILER_GENERATE_SWIFT_ASSET_SYMBOL_EXTENSIONS = YES;
				CLANG_ANALYZER_NONNULL = YES;
				CLANG_ANALYZER_NUMBER_OBJECT_CONVERSION = YES_AGGRESSIVE;
				CLANG_CXX_LANGUAGE_STANDARD = "gnu++20";
				CLANG_ENABLE_MODULES = YES;
				CLANG_ENABLE_OBJC_ARC = YES;
				CLANG_ENABLE_OBJC_WEAK = YES;
				CLANG_WARN_BLOCK_CAPTURE_AUTORELEASING = YES;
				CLANG_WARN_BOOL_CONVERSION = YES;
				CLANG_WARN_COMMA = YES;
				CLANG_WARN_CONSTANT_CONVERSION = YES;
				CLANG_WARN_DEPRECATED_OBJC_IMPLEMENTATIONS = YES;
				CLANG_WARN_DIRECT_OBJC_ISA_USAGE = YES_ERROR;
				CLANG_WARN_DOCUMENTATION_COMMENTS = YES;
				CLANG_WARN_EMPTY_BODY = YES;
				CLANG_WARN_ENUM_CONVERSION = YES;
				CLANG_WARN_INFINITE_RECURSION = YES;
				CLANG_WARN_INT_CONVERSION = YES;
				CLANG_WARN_NON_LITERAL_NULL_CONVERSION = YES;
				CLANG_WARN_OBJC_IMPLICIT_RETAIN_SELF = YES;
				CLANG_WARN_OBJC_LITERAL_CONVERSION = YES;
				CLANG_WARN_OBJC_ROOT_CLASS = YES_ERROR;
				CLANG_WARN_QUOTED_INCLUDE_IN_FRAMEWORK_HEADER = YES;
				CLANG_WARN_RANGE_LOOP_ANALYSIS = YES;
				CLANG_WARN_STRICT_PROTOTYPES = YES;
				CLANG_WARN_SUSPICIOUS_MOVE = YES;
				CLANG_WARN_UNGUARDED_AVAILABILITY = YES_AGGRESSIVE;
				CLANG_WARN_UNREACHABLE_CODE = YES;
				CLANG_WARN__DUPLICATE_METHOD_MATCH = YES;
				COPY_PHASE_STRIP = NO;
				DEBUG_INFORMATION_FORMAT = dwarf;
				ENABLE_STRICT_OBJC_MSGSEND = YES;
				ENABLE_TESTABILITY = YES;
				ENABLE_USER_SCRIPT_SANDBOXING = YES;
				GCC_C_LANGUAGE_STANDARD = gnu17;
				GCC_DYNAMIC_NO_PIC = NO;
				GCC_NO_COMMON_BLOCKS = YES;
				GCC_OPTIMIZATION_LEVEL = 0;
				GCC_PREPROCESSOR_DEFINITIONS = (
					"DEBUG=1",
					"$(inherited)",
				);
				GCC_WARN_64_TO_32_BIT_CONVERSION = YES;
				GCC_WARN_ABOUT_RETURN_TYPE = YES_ERROR;
				GCC_WARN_UNDECLARED_SELECTOR = YES;
				GCC_WARN_UNINITIALIZED_AUTOS = YES_AGGRESSIVE;
				GCC_WARN_UNUSED_FUNCTION = YES;
				GCC_WARN_UNUSED_VARIABLE = YES;
				IPHONEOS_DEPLOYMENT_TARGET = 18.2;
				LOCALIZATION_PREFERS_STRING_CATALOGS = YES;
				MTL_ENABLE_DEBUG_INFO = INCLUDE_SOURCE;
				MTL_FAST_MATH = YES;
				ONLY_ACTIVE_ARCH = YES;
				SDKROOT = iphoneos;
				SWIFT_ACTIVE_COMPILATION_CONDITIONS = "DEBUG $(inherited)";
				SWIFT_OPTIMIZATION_LEVEL = "-Onone";
			};
			name = Debug;
		};
		3AE7D7CB2D1B80F30027C5E2 /* Release */ = {
			isa = XCBuildConfiguration;
			buildSettings = {
				ALWAYS_SEARCH_USER_PATHS = NO;
				ASSETCATALOG_COMPILER_GENERATE_SWIFT_ASSET_SYMBOL_EXTENSIONS = YES;
				CLANG_ANALYZER_NONNULL = YES;
				CLANG_ANALYZER_NUMBER_OBJECT_CONVERSION = YES_AGGRESSIVE;
				CLANG_CXX_LANGUAGE_STANDARD = "gnu++20";
				CLANG_ENABLE_MODULES = YES;
				CLANG_ENABLE_OBJC_ARC = YES;
				CLANG_ENABLE_OBJC_WEAK = YES;
				CLANG_WARN_BLOCK_CAPTURE_AUTORELEASING = YES;
				CLANG_WARN_BOOL_CONVERSION = YES;
				CLANG_WARN_COMMA = YES;
				CLANG_WARN_CONSTANT_CONVERSION = YES;
				CLANG_WARN_DEPRECATED_OBJC_IMPLEMENTATIONS = YES;
				CLANG_WARN_DIRECT_OBJC_ISA_USAGE = YES_ERROR;
				CLANG_WARN_DOCUMENTATION_COMMENTS = YES;
				CLANG_WARN_EMPTY_BODY = YES;
				CLANG_WARN_ENUM_CONVERSION = YES;
				CLANG_WARN_INFINITE_RECURSION = YES;
				CLANG_WARN_INT_CONVERSION = YES;
				CLANG_WARN_NON_LITERAL_NULL_CONVERSION = YES;
				CLANG_WARN_OBJC_IMPLICIT_RETAIN_SELF = YES;
				CLANG_WARN_OBJC_LITERAL_CONVERSION = YES;
				CLANG_WARN_OBJC_ROOT_CLASS = YES_ERROR;
				CLANG_WARN_QUOTED_INCLUDE_IN_FRAMEWORK_HEADER = YES;
				CLANG_WARN_RANGE_LOOP_ANALYSIS = YES;
				CLANG_WARN_STRICT_PROTOTYPES = YES;
				CLANG_WARN_SUSPICIOUS_MOVE = YES;
				CLANG_WARN_UNGUARDED_AVAILABILITY = YES_AGGRESSIVE;
				CLANG_WARN_UNREACHABLE_CODE = YES;
				CLANG_WARN__DUPLICATE_METHOD_MATCH = YES;
				COPY_PHASE_STRIP = NO;
				DEBUG_INFORMATION_FORMAT = "dwarf-with-dsym";
				ENABLE_NS_ASSERTIONS = NO;
				ENABLE_STRICT_OBJC_MSGSEND = YES;
				ENABLE_USER_SCRIPT_SANDBOXING = YES;
				GCC_C_LANGUAGE_STANDARD = gnu17;
				GCC_NO_COMMON_BLOCKS = YES;
				GCC_WARN_64_TO_32_BIT_CONVERSION = YES;
				GCC_WARN_ABOUT_RETURN_TYPE = YES_ERROR;
				GCC_WARN_UNDECLARED_SELECTOR = YES;
				GCC_WARN_UNINITIALIZED_AUTOS = YES_AGGRESSIVE;
				GCC_WARN_UNUSED_FUNCTION = YES;
				GCC_WARN_UNUSED_VARIABLE = YES;
				IPHONEOS_DEPLOYMENT_TARGET = 18.2;
				LOCALIZATION_PREFERS_STRING_CATALOGS = YES;
				MTL_ENABLE_DEBUG_INFO = NO;
				MTL_FAST_MATH = YES;
				SDKROOT = iphoneos;
				SWIFT_COMPILATION_MODE = wholemodule;
				VALIDATE_PRODUCT = YES;
			};
			name = Release;
		};
		3AE7D7CD2D1B80F30027C5E2 /* Debug */ = {
			isa = XCBuildConfiguration;
			buildSettings = {
				ASSETCATALOG_COMPILER_APPICON_NAME = AppIcon;
				ASSETCATALOG_COMPILER_GLOBAL_ACCENT_COLOR_NAME = AccentColor;
				CODE_SIGN_STYLE = Automatic;
				CURRENT_PROJECT_VERSION = 1;
				DEVELOPMENT_ASSET_PATHS = "\"TUMBA/Preview Content\"";
				ENABLE_PREVIEWS = YES;
				GENERATE_INFOPLIST_FILE = YES;
				INFOPLIST_KEY_UIApplicationSceneManifest_Generation = YES;
				INFOPLIST_KEY_UIApplicationSupportsIndirectInputEvents = YES;
				INFOPLIST_KEY_UILaunchScreen_Generation = YES;
				INFOPLIST_KEY_UISupportedInterfaceOrientations_iPad = "UIInterfaceOrientationPortrait UIInterfaceOrientationPortraitUpsideDown UIInterfaceOrientationLandscapeLeft UIInterfaceOrientationLandscapeRight";
				INFOPLIST_KEY_UISupportedInterfaceOrientations_iPhone = "UIInterfaceOrientationPortrait UIInterfaceOrientationLandscapeLeft UIInterfaceOrientationLandscapeRight";
				LD_RUNPATH_SEARCH_PATHS = (
					"$(inherited)",
					"@executable_path/Frameworks",
				);
				MARKETING_VERSION = 1.0;
				OTHER_SWIFT_FLAGS = "";
				PRODUCT_BUNDLE_IDENTIFIER = hse.TUMBA;
				PRODUCT_NAME = "$(TARGET_NAME)";
				SWIFT_EMIT_LOC_STRINGS = YES;
				SWIFT_VERSION = 5.0;
				TARGETED_DEVICE_FAMILY = "1,2";
			};
			name = Debug;
		};
		3AE7D7CE2D1B80F30027C5E2 /* Release */ = {
			isa = XCBuildConfiguration;
			buildSettings = {
				ASSETCATALOG_COMPILER_APPICON_NAME = AppIcon;
				ASSETCATALOG_COMPILER_GLOBAL_ACCENT_COLOR_NAME = AccentColor;
				CODE_SIGN_STYLE = Automatic;
				CURRENT_PROJECT_VERSION = 1;
				DEVELOPMENT_ASSET_PATHS = "\"TUMBA/Preview Content\"";
				ENABLE_PREVIEWS = YES;
				GENERATE_INFOPLIST_FILE = YES;
				INFOPLIST_KEY_UIApplicationSceneManifest_Generation = YES;
				INFOPLIST_KEY_UIApplicationSupportsIndirectInputEvents = YES;
				INFOPLIST_KEY_UILaunchScreen_Generation = YES;
				INFOPLIST_KEY_UISupportedInterfaceOrientations_iPad = "UIInterfaceOrientationPortrait UIInterfaceOrientationPortraitUpsideDown UIInterfaceOrientationLandscapeLeft UIInterfaceOrientationLandscapeRight";
				INFOPLIST_KEY_UISupportedInterfaceOrientations_iPhone = "UIInterfaceOrientationPortrait UIInterfaceOrientationLandscapeLeft UIInterfaceOrientationLandscapeRight";
				LD_RUNPATH_SEARCH_PATHS = (
					"$(inherited)",
					"@executable_path/Frameworks",
				);
				MARKETING_VERSION = 1.0;
				OTHER_SWIFT_FLAGS = "";
				PRODUCT_BUNDLE_IDENTIFIER = hse.TUMBA;
				PRODUCT_NAME = "$(TARGET_NAME)";
				SWIFT_EMIT_LOC_STRINGS = YES;
				SWIFT_VERSION = 5.0;
				TARGETED_DEVICE_FAMILY = "1,2";
			};
			name = Release;
		};
		3AE7D7D02D1B80F30027C5E2 /* Debug */ = {
			isa = XCBuildConfiguration;
			buildSettings = {
				BUNDLE_LOADER = "$(TEST_HOST)";
				CODE_SIGN_STYLE = Automatic;
				CURRENT_PROJECT_VERSION = 1;
				GENERATE_INFOPLIST_FILE = YES;
				IPHONEOS_DEPLOYMENT_TARGET = 18.2;
				MARKETING_VERSION = 1.0;
				PRODUCT_BUNDLE_IDENTIFIER = hse.TUMBATests;
				PRODUCT_NAME = "$(TARGET_NAME)";
				SWIFT_EMIT_LOC_STRINGS = NO;
				SWIFT_VERSION = 5.0;
				TARGETED_DEVICE_FAMILY = "1,2";
				TEST_HOST = "$(BUILT_PRODUCTS_DIR)/TUMBA.app/$(BUNDLE_EXECUTABLE_FOLDER_PATH)/TUMBA";
			};
			name = Debug;
		};
		3AE7D7D12D1B80F30027C5E2 /* Release */ = {
			isa = XCBuildConfiguration;
			buildSettings = {
				BUNDLE_LOADER = "$(TEST_HOST)";
				CODE_SIGN_STYLE = Automatic;
				CURRENT_PROJECT_VERSION = 1;
				GENERATE_INFOPLIST_FILE = YES;
				IPHONEOS_DEPLOYMENT_TARGET = 18.2;
				MARKETING_VERSION = 1.0;
				PRODUCT_BUNDLE_IDENTIFIER = hse.TUMBATests;
				PRODUCT_NAME = "$(TARGET_NAME)";
				SWIFT_EMIT_LOC_STRINGS = NO;
				SWIFT_VERSION = 5.0;
				TARGETED_DEVICE_FAMILY = "1,2";
				TEST_HOST = "$(BUILT_PRODUCTS_DIR)/TUMBA.app/$(BUNDLE_EXECUTABLE_FOLDER_PATH)/TUMBA";
			};
			name = Release;
		};
		3AE7D7D32D1B80F30027C5E2 /* Debug */ = {
			isa = XCBuildConfiguration;
			buildSettings = {
				CODE_SIGN_STYLE = Automatic;
				CURRENT_PROJECT_VERSION = 1;
				GENERATE_INFOPLIST_FILE = YES;
				MARKETING_VERSION = 1.0;
				PRODUCT_BUNDLE_IDENTIFIER = hse.TUMBAUITests;
				PRODUCT_NAME = "$(TARGET_NAME)";
				SWIFT_EMIT_LOC_STRINGS = NO;
				SWIFT_VERSION = 5.0;
				TARGETED_DEVICE_FAMILY = "1,2";
				TEST_TARGET_NAME = TUMBA;
			};
			name = Debug;
		};
		3AE7D7D42D1B80F30027C5E2 /* Release */ = {
			isa = XCBuildConfiguration;
			buildSettings = {
				CODE_SIGN_STYLE = Automatic;
				CURRENT_PROJECT_VERSION = 1;
				GENERATE_INFOPLIST_FILE = YES;
				MARKETING_VERSION = 1.0;
				PRODUCT_BUNDLE_IDENTIFIER = hse.TUMBAUITests;
				PRODUCT_NAME = "$(TARGET_NAME)";
				SWIFT_EMIT_LOC_STRINGS = NO;
				SWIFT_VERSION = 5.0;
				TARGETED_DEVICE_FAMILY = "1,2";
				TEST_TARGET_NAME = TUMBA;
			};
			name = Release;
		};
/* End XCBuildConfiguration section */

/* Begin XCConfigurationList section */
		3AE7D7A32D1B80F00027C5E2 /* Build configuration list for PBXProject "TUMBA_NewNew" */ = {
			isa = XCConfigurationList;
			buildConfigurations = (
				3AE7D7CA2D1B80F30027C5E2 /* Debug */,
				3AE7D7CB2D1B80F30027C5E2 /* Release */,
			);
			defaultConfigurationIsVisible = 0;
			defaultConfigurationName = Release;
		};
		3AE7D7CC2D1B80F30027C5E2 /* Build configuration list for PBXNativeTarget "TUMBA" */ = {
			isa = XCConfigurationList;
			buildConfigurations = (
				3AE7D7CD2D1B80F30027C5E2 /* Debug */,
				3AE7D7CE2D1B80F30027C5E2 /* Release */,
			);
			defaultConfigurationIsVisible = 0;
			defaultConfigurationName = Release;
		};
		3AE7D7CF2D1B80F30027C5E2 /* Build configuration list for PBXNativeTarget "TUMBATests" */ = {
			isa = XCConfigurationList;
			buildConfigurations = (
				3AE7D7D02D1B80F30027C5E2 /* Debug */,
				3AE7D7D12D1B80F30027C5E2 /* Release */,
			);
			defaultConfigurationIsVisible = 0;
			defaultConfigurationName = Release;
		};
		3AE7D7D22D1B80F30027C5E2 /* Build configuration list for PBXNativeTarget "TUMBAUITests" */ = {
			isa = XCConfigurationList;
			buildConfigurations = (
				3AE7D7D32D1B80F30027C5E2 /* Debug */,
				3AE7D7D42D1B80F30027C5E2 /* Release */,
			);
			defaultConfigurationIsVisible = 0;
			defaultConfigurationName = Release;
		};
/* End XCConfigurationList section */

/* Begin XCRemoteSwiftPackageReference section */
		6923C1C22D8B077F0032E46D /* XCRemoteSwiftPackageReference "WaterfallGrid" */ = {
			isa = XCRemoteSwiftPackageReference;
			repositoryURL = "https://github.com/paololeonardi/WaterfallGrid.git";
			requirement = {
				kind = upToNextMajorVersion;
				minimumVersion = 1.1.0;
			};
		};
/* End XCRemoteSwiftPackageReference section */

/* Begin XCSwiftPackageProductDependency section */
		6923C1C32D8B077F0032E46D /* WaterfallGrid */ = {
			isa = XCSwiftPackageProductDependency;
			package = 6923C1C22D8B077F0032E46D /* XCRemoteSwiftPackageReference "WaterfallGrid" */;
			productName = WaterfallGrid;
		};
/* End XCSwiftPackageProductDependency section */
	};
	rootObject = 3AE7D7A02D1B80F00027C5E2 /* Project object */;
}
